{
  "name": "pine-v6-strategy-template",
  "version": "1.0.0",
  "lockfileVersion": 3,
  "requires": true,
  "packages": {
    "": {
      "name": "pine-v6-strategy-template",
      "version": "1.0.0",
      "license": "MIT",
      "bin": {
        "pine-lint": "tooling/pine-lint/index.js"
      },
      "devDependencies": {
        "vitest": "file:tooling/vitest-stub"
      }
    },
    "node_modules/vitest": {
      "resolved": "tooling/vitest-stub",
      "link": true
    },
    "tooling/vitest-stub": {
      "name": "vitest",
      "version": "1.6.0",
      "dev": true,
      "license": "MIT",
      "bin": {
        "vitest": "bin.js"
      }
    }
  }
}
